{
  "originHash" : "24ef2f02b83abdfdd5a8f8c1d132e391da78c06a346ba3d5008fa4549f29dceb",
  "pins" : [
    {
      "identity" : "activelabel.swift",
      "kind" : "remoteSourceControl",
      "location" : "https://github.com/optonaut/ActiveLabel.swift",
      "state" : {
        "revision" : "36949c1a69ef8b40574da20c9e24b115f387b1cf",
        "version" : "1.1.5"
      }
    },
    {
      "identity" : "alamofire",
      "kind" : "remoteSourceControl",
      "location" : "https://github.com/Alamofire/Alamofire.git",
      "state" : {
        "revision" : "513364f870f6bfc468f9d2ff0a95caccc10044c5",
        "version" : "5.10.2"
      }
    },
    {
      "identity" : "alamofireimage",
      "kind" : "remoteSourceControl",
      "location" : "https://github.com/Alamofire/AlamofireImage.git",
      "state" : {
        "revision" : "1eaf3b6c6882bed10f6e7b119665599dd2329aa1",
        "version" : "4.3.0"
      }
    },
    {
      "identity" : "animatedfield",
      "kind" : "remoteSourceControl",
      "location" : "https://github.com/DoubleNodeOpen/AnimatedField.git",
      "state" : {
        "revision" : "a0d5e520403c017f6abc33ed9d98bf54c2ed8ef1",
        "version" : "3.0.1"
      }
    },
    {
      "identity" : "atomicswift",
      "kind" : "remoteSourceControl",
      "location" : "https://github.com/DoubleNodeOpen/AtomicSwift.git",
      "state" : {
        "revision" : "6efc4ec9370703f1e4d83ec13a9b7132f3b8ad60",
        "version" : "1.2.3"
      }
    },
    {
      "identity" : "dnsappcore",
      "kind" : "remoteSourceControl",
      "location" : "https://github.com/DoubleNode/DNSAppCore.git",
      "state" : {
        "revision" : "2971d8b177bf7fc355a292b745e2060455895f4d",
        "version" : "1.12.0"
      }
    },
    {
      "identity" : "dnsblanknetwork",
      "kind" : "remoteSourceControl",
      "location" : "https://github.com/DoubleNode/DNSBlankNetwork.git",
      "state" : {
        "revision" : "369cfe7fa2a4f89ff1182f83151d0baa10ce3a3b",
        "version" : "1.12.0"
      }
    },
    {
      "identity" : "dnsblanksystems",
      "kind" : "remoteSourceControl",
      "location" : "https://github.com/DoubleNode/DNSBlankSystems.git",
      "state" : {
        "revision" : "53afdd577f4727279a9cfe264ab33ceb51039ef3",
        "version" : "1.12.0"
      }
    },
    {
      "identity" : "dnsblankworkers",
      "kind" : "remoteSourceControl",
      "location" : "https://github.com/DoubleNode/DNSBlankWorkers.git",
      "state" : {
        "revision" : "e077a2e2fd89885bc255c7bf19aa62abd407bb68",
        "version" : "1.12.6"
      }
    },
    {
      "identity" : "dnscore",
      "kind" : "remoteSourceControl",
      "location" : "https://github.com/DoubleNode/DNSCore.git",
      "state" : {
        "revision" : "ea940ed4f9a464b6e553ed1c77a665b26374238e",
        "version" : "1.12.1"
      }
    },
    {
      "identity" : "dnscorethreading",
      "kind" : "remoteSourceControl",
      "location" : "https://github.com/DoubleNode/DNSCoreThreading.git",
      "state" : {
        "revision" : "1d8074373c2a61765e7fb5b68a714cf99577ac8d",
        "version" : "1.12.1"
      }
    },
    {
      "identity" : "dnscrashnetwork",
      "kind" : "remoteSourceControl",
      "location" : "https://github.com/DoubleNode/DNSCrashNetwork.git",
      "state" : {
        "revision" : "5105b760bc1ab4ca4dbc3c3a6a880ff38cbb955a",
        "version" : "1.12.0"
      }
    },
    {
      "identity" : "dnscrashworkers",
      "kind" : "remoteSourceControl",
      "location" : "https://github.com/DoubleNode/DNSCrashWorkers.git",
      "state" : {
        "revision" : "20a2afbfbf95fc56d1308196134355307bcfabe6",
        "version" : "1.12.2"
      }
    },
    {
      "identity" : "dnsdatacontracts",
      "kind" : "remoteSourceControl",
      "location" : "https://github.com/DoubleNode/DNSDataContracts.git",
      "state" : {
        "revision" : "0edcf9a53a1a5dcb9fd6fbf7f07799ae66ce7ef7",
        "version" : "1.12.1"
      }
    },
    {
      "identity" : "dnsdataobjects",
      "kind" : "remoteSourceControl",
      "location" : "https://github.com/DoubleNode/DNSDataObjects.git",
      "state" : {
        "revision" : "8a47fc96a63379252552d7b8337ea3b71367b533",
        "version" : "1.12.2"
      }
    },
    {
      "identity" : "dnsdatatypes",
      "kind" : "remoteSourceControl",
      "location" : "https://github.com/DoubleNode/DNSDataTypes.git",
      "state" : {
        "revision" : "15374fb9de623055da78f1a55aff8cb5b08c9912",
        "version" : "1.12.2"
      }
    },
    {
      "identity" : "dnsdatauiobjects",
      "kind" : "remoteSourceControl",
      "location" : "https://github.com/DoubleNode/DNSDataUIObjects.git",
      "state" : {
        "revision" : "6f0039cf03ecedf27e0e7ec5f88b3602bb09e8e9",
        "version" : "1.12.1"
      }
    },
    {
      "identity" : "dnserror",
      "kind" : "remoteSourceControl",
      "location" : "https://github.com/DoubleNode/DNSError.git",
      "state" : {
        "revision" : "80c78e038c6365b55be6e310aaae4afba231e459",
        "version" : "1.12.0"
      }
    },
    {
      "identity" : "dnsprotocols",
      "kind" : "remoteSourceControl",
      "location" : "https://github.com/DoubleNode/DNSProtocols.git",
      "state" : {
        "revision" : "85225103c530d949595f04ffa34e2eeb37f02c10",
        "version" : "1.12.5"
      }
    },
    {
      "identity" : "dnsthemeobjects",
      "kind" : "remoteSourceControl",
      "location" : "https://github.com/DoubleNode/DNSThemeObjects.git",
      "state" : {
        "revision" : "7912c6adba95b85e68279a7bd800ebcbd6598aa4",
        "version" : "1.12.1"
      }
    },
    {
      "identity" : "dnsthemetypes",
      "kind" : "remoteSourceControl",
      "location" : "https://github.com/DoubleNode/DNSThemeTypes.git",
      "state" : {
        "revision" : "dcb365de70c827b0870d49f9c5f298551556a274",
        "version" : "1.12.1"
      }
    },
    {
      "identity" : "geodesy",
      "kind" : "remoteSourceControl",
      "location" : "https://github.com/nidegen/Geodesy",
      "state" : {
        "revision" : "e978116e270780bfed001dccb890ae531b5ba43e",
        "version" : "1.2.2"
      }
    },
    {
      "identity" : "gifu",
      "kind" : "remoteSourceControl",
      "location" : "https://github.com/kaishin/Gifu.git",
      "state" : {
        "revision" : "f19726eaf0dfa4dbce4d3f80293c9d38c2acba53",
        "version" : "4.0.1"
      }
    },
    {
      "identity" : "permissionskit",
      "kind" : "remoteSourceControl",
      "location" : "https://github.com/sparrowcode/PermissionsKit",
      "state" : {
        "revision" : "098f1455339a7f3ef57603260ca767a6544785b9",
        "version" : "8.0.1"
      }
    },
    {
      "identity" : "phonenumberkit",
      "kind" : "remoteSourceControl",
      "location" : "https://github.com/DoubleNodeOpen/PhoneNumberKit",
      "state" : {
        "revision" : "ce40a19644c4c1c3132c0092a70105b5c9d9fa84",
        "version" : "4.1.5"
      }
    },
    {
      "identity" : "sfsymbol",
      "kind" : "remoteSourceControl",
      "location" : "https://github.com/DoubleNodeOpen/SFSymbol",
      "state" : {
        "revision" : "b24137abd255db8a128326f73ab9c0bad1b81df2",
        "version" : "3.0.1"
      }
    },
    {
      "identity" : "skeletonview",
      "kind" : "remoteSourceControl",
      "location" : "https://github.com/Juanpe/SkeletonView.git",
      "state" : {
        "revision" : "2f5274827d310e32c09325dd3e0007120940988e",
        "version" : "1.31.0"
      }
    },
    {
      "identity" : "swift-mask-textfield",
      "kind" : "remoteSourceControl",
      "location" : "https://github.com/DoubleNodeOpen/swift-mask-textfield.git",
      "state" : {
        "revision" : "e94fb6aa2eebd414b8cfe585434b9cdd08ff1a30",
        "version" : "1.1.3"
      }
    },
    {
      "identity" : "swiftybeaver",
      "kind" : "remoteSourceControl",
      "location" : "https://github.com/DoubleNodeOpen/SwiftyBeaver.git",
      "state" : {
        "revision" : "077d7ba1389768c32d6e1c190af6bfb93fb20bc2",
        "version" : "2.1.2"
      }
    },
    {
      "identity" : "swipecellkit",
      "kind" : "remoteSourceControl",
      "location" : "https://github.com/SwipeCellKit/SwipeCellKit",
      "state" : {
        "revision" : "7219cad3098637176ace311510d11467dbfb9bb0",
        "version" : "2.7.1"
      }
    },
    {
      "identity" : "valet",
      "kind" : "remoteSourceControl",
      "location" : "https://github.com/Square/Valet",
      "state" : {
        "revision" : "3df8eaa90e1fa0d80830733cdc3c9e098146af3d",
        "version" : "4.3.0"
      }
    }
  ],
  "version" : 3
}
